
Microsoft Visual Studio Solution File, Format Version 12.00
Project("{FAE04EC0-301F-11D3-BF4B-00C04F79EFBC}") = "Luminescence", "Luminescence\Luminescence.csproj", "{E640C3D3-3D73-415A-A2A8-FEA11172D09E}"
EndProject
Project("{FAE04EC0-301F-11D3-BF4B-00C04F79EFBC}") = "Luminescence.UsbHid", "Luminescence.UsbHid\Luminescence.UsbHid.csproj", "{101D89BC-7DEA-44EA-B3B1-5909C28FC9AE}"
EndProject
Global
	GlobalSection(SolutionConfigurationPlatforms) = preSolution
		Debug|Any CPU = Debug|Any CPU
		Release|Any CPU = Release|Any CPU
	EndGlobalSection
	GlobalSection(ProjectConfigurationPlatforms) = postSolution
		{E640C3D3-3D73-415A-A2A8-FEA11172D09E}.Debug|Any CPU.ActiveCfg = Debug|Any CPU
		{E640C3D3-3D73-415A-A2A8-FEA11172D09E}.Debug|Any CPU.Build.0 = Debug|Any CPU
		{E640C3D3-3D73-415A-A2A8-FEA11172D09E}.Release|Any CPU.ActiveCfg = Release|Any CPU
		{E640C3D3-3D73-415A-A2A8-FEA11172D09E}.Release|Any CPU.Build.0 = Release|Any CPU
		{101D89BC-7DEA-44EA-B3B1-5909C28FC9AE}.Debug|Any CPU.ActiveCfg = Debug|Any CPU
		{101D89BC-7DEA-44EA-B3B1-5909C28FC9AE}.Debug|Any CPU.Build.0 = Debug|Any CPU
		{101D89BC-7DEA-44EA-B3B1-5909C28FC9AE}.Release|Any CPU.ActiveCfg = Release|Any CPU
		{101D89BC-7DEA-44EA-B3B1-5909C28FC9AE}.Release|Any CPU.Build.0 = Release|Any CPU
	EndGlobalSection
EndGlobal
